# This file was generated by Aiken
# You typically do not need to edit this file

[[requirements]]
name = "aiken-lang/stdlib"
version = "1.8.0"
source = "plooty.xyz"

[[requirements]]
name = "sidan-lab/aiken-utils"
version = "0.0.5-beta"
source = "plooty.xyz"

[[packages]]
name = "aiken-lang/stdlib"
version = "1.8.0"
requirements = []
source = "plooty.xyz"

[[packages]]
name = "sidan-lab/aiken-utils"
version = "0.0.5-beta"
requirements = []
source = "plooty.xyz"

[etags]
